// !$*UTF8*$!
{
	archiveVersion = 1;
	classes = {
	};
	objectVersion = 50;
	objects = {

/* Begin PBXBuildFile section */
		0B54F20E5C234FE3FD0D58EE /* libPods-CFB.a in Frameworks */ = {isa = PBXBuildFile; fileRef = 2011A42FF7BB582B6D015470 /* libPods-CFB.a */; };
		3C100954212A964A00940BFD /* AppDelegate.m in Sources */ = {isa = PBXBuildFile; fileRef = 3C100953212A964A00940BFD /* AppDelegate.m */; };
		3C10095A212A964A00940BFD /* Main.storyboard in Resources */ = {isa = PBXBuildFile; fileRef = 3C100958212A964A00940BFD /* Main.storyboard */; };
		3C10095C212A964B00940BFD /* Assets.xcassets in Resources */ = {isa = PBXBuildFile; fileRef = 3C10095B212A964B00940BFD /* Assets.xcassets */; };
		3C10095F212A964B00940BFD /* LaunchScreen.storyboard in Resources */ = {isa = PBXBuildFile; fileRef = 3C10095D212A964B00940BFD /* LaunchScreen.storyboard */; };
		3C100962212A964B00940BFD /* main.m in Sources */ = {isa = PBXBuildFile; fileRef = 3C100961212A964B00940BFD /* main.m */; };
		3C10096F212A980B00940BFD /* CFBBasicViewController.m in Sources */ = {isa = PBXBuildFile; fileRef = 3C10096E212A980B00940BFD /* CFBBasicViewController.m */; };
		3C100972212A982300940BFD /* CFBBasicTableViewController.m in Sources */ = {isa = PBXBuildFile; fileRef = 3C100971212A982300940BFD /* CFBBasicTableViewController.m */; };
		3C100975212A988100940BFD /* CFBBasicTabBarController.m in Sources */ = {isa = PBXBuildFile; fileRef = 3C100974212A988100940BFD /* CFBBasicTabBarController.m */; };
		3C5109D9215368E9008B09F3 /* TJWebTools.framework in Frameworks */ = {isa = PBXBuildFile; fileRef = 3C5109D8215368E9008B09F3 /* TJWebTools.framework */; };
		3C5109DB215368F0008B09F3 /* TJWebToolsImage.bundle in Resources */ = {isa = PBXBuildFile; fileRef = 3C5109DA215368F0008B09F3 /* TJWebToolsImage.bundle */; };
		3C7AA85E212BDD6D00E2BDC7 /* CFBSurveyViewController.m in Sources */ = {isa = PBXBuildFile; fileRef = 3C7AA85D212BDD6D00E2BDC7 /* CFBSurveyViewController.m */; };
		3C7AA861212BDE2A00E2BDC7 /* CFBSettingViewController.m in Sources */ = {isa = PBXBuildFile; fileRef = 3C7AA860212BDE2A00E2BDC7 /* CFBSettingViewController.m */; };
		3C7AA864212BDE7500E2BDC7 /* CFBHistoryViewController.m in Sources */ = {isa = PBXBuildFile; fileRef = 3C7AA863212BDE7500E2BDC7 /* CFBHistoryViewController.m */; };
		3C7AA867212BE1B200E2BDC7 /* CFBBasicNavigationController.m in Sources */ = {isa = PBXBuildFile; fileRef = 3C7AA866212BE1B200E2BDC7 /* CFBBasicNavigationController.m */; };
		3C7AA874212BE75A00E2BDC7 /* bg2.png in Resources */ = {isa = PBXBuildFile; fileRef = 3C7AA86B212BE75900E2BDC7 /* bg2.png */; };
		3C7AA876212BE75A00E2BDC7 /* zhizhen.png in Resources */ = {isa = PBXBuildFile; fileRef = 3C7AA86D212BE75900E2BDC7 /* zhizhen.png */; };
		3C7AA877212BE75A00E2BDC7 /* zhizhen@3x.png in Resources */ = {isa = PBXBuildFile; fileRef = 3C7AA86E212BE75900E2BDC7 /* zhizhen@3x.png */; };
		3C7AA878212BE75A00E2BDC7 /* bg2@2x.png in Resources */ = {isa = PBXBuildFile; fileRef = 3C7AA86F212BE75900E2BDC7 /* bg2@2x.png */; };
		3C7AA879212BE75A00E2BDC7 /* bg2@3x.png in Resources */ = {isa = PBXBuildFile; fileRef = 3C7AA870212BE75900E2BDC7 /* bg2@3x.png */; };
		3C7AA87B212BE75A00E2BDC7 /* zhizhen@2x.png in Resources */ = {isa = PBXBuildFile; fileRef = 3C7AA872212BE75A00E2BDC7 /* zhizhen@2x.png */; };
		3C7AA882212BF0E200E2BDC7 /* biaopan@3x.png in Resources */ = {isa = PBXBuildFile; fileRef = 3C7AA87F212BF0E200E2BDC7 /* biaopan@3x.png */; };
		3C7AA883212BF0E200E2BDC7 /* biaopan@2x.png in Resources */ = {isa = PBXBuildFile; fileRef = 3C7AA880212BF0E200E2BDC7 /* biaopan@2x.png */; };
		3C7AA884212BF0E200E2BDC7 /* biaopan.png in Resources */ = {isa = PBXBuildFile; fileRef = 3C7AA881212BF0E200E2BDC7 /* biaopan.png */; };
		3C7AA88F212E679000E2BDC7 /* CFBHistoryTableViewCell.m in Sources */ = {isa = PBXBuildFile; fileRef = 3C7AA88D212E679000E2BDC7 /* CFBHistoryTableViewCell.m */; };
		3C7AA890212E679000E2BDC7 /* CFBHistoryTableViewCell.xib in Resources */ = {isa = PBXBuildFile; fileRef = 3C7AA88E212E679000E2BDC7 /* CFBHistoryTableViewCell.xib */; };
		3C7AA893212E93D000E2BDC7 /* CFBHistoryHeadBar.m in Sources */ = {isa = PBXBuildFile; fileRef = 3C7AA892212E93D000E2BDC7 /* CFBHistoryHeadBar.m */; };
		3C7AA895212E93E800E2BDC7 /* CFBHistoryHeadBar.xib in Resources */ = {isa = PBXBuildFile; fileRef = 3C7AA894212E93E800E2BDC7 /* CFBHistoryHeadBar.xib */; };
		3C7AA899212E99C200E2BDC7 /* bg1@3x.png in Resources */ = {isa = PBXBuildFile; fileRef = 3C7AA896212E99C200E2BDC7 /* bg1@3x.png */; };
		3C7AA89A212E99C200E2BDC7 /* bg1@2x.png in Resources */ = {isa = PBXBuildFile; fileRef = 3C7AA897212E99C200E2BDC7 /* bg1@2x.png */; };
		3C7AA89B212E99C200E2BDC7 /* bg1.png in Resources */ = {isa = PBXBuildFile; fileRef = 3C7AA898212E99C200E2BDC7 /* bg1.png */; };
		3C7AA89D212EA60C00E2BDC7 /* 删 除.png in Resources */ = {isa = PBXBuildFile; fileRef = 3C7AA89C212EA60C00E2BDC7 /* 删 除.png */; };
		3C7AA89F212EA6B600E2BDC7 /* 删 除-2.png in Resources */ = {isa = PBXBuildFile; fileRef = 3C7AA89E212EA6B500E2BDC7 /* 删 除-2.png */; };
		3CD78C272135537000B9EEAB /* CFB.xcdatamodeld in Sources */ = {isa = PBXBuildFile; fileRef = 3CD78C252135537000B9EEAB /* CFB.xcdatamodeld */; };
		3CD78C382135597000B9EEAB /* History+CoreDataClass.m in Sources */ = {isa = PBXBuildFile; fileRef = 3CD78C362135597000B9EEAB /* History+CoreDataClass.m */; };
		3CD78C392135597000B9EEAB /* History+CoreDataProperties.m in Sources */ = {isa = PBXBuildFile; fileRef = 3CD78C372135597000B9EEAB /* History+CoreDataProperties.m */; };
/* End PBXBuildFile section */

/* Begin PBXFileReference section */
		0F633FD3D6F99306586829DC /* Pods-CFB.release.xcconfig */ = {isa = PBXFileReference; includeInIndex = 1; lastKnownFileType = text.xcconfig; name = "Pods-CFB.release.xcconfig"; path = "Pods/Target Support Files/Pods-CFB/Pods-CFB.release.xcconfig"; sourceTree = "<group>"; };
		2011A42FF7BB582B6D015470 /* libPods-CFB.a */ = {isa = PBXFileReference; explicitFileType = archive.ar; includeInIndex = 0; path = "libPods-CFB.a"; sourceTree = BUILT_PRODUCTS_DIR; };
		3C10094F212A964A00940BFD /* CFB.app */ = {isa = PBXFileReference; explicitFileType = wrapper.application; includeInIndex = 0; path = CFB.app; sourceTree = BUILT_PRODUCTS_DIR; };
		3C100952212A964A00940BFD /* AppDelegate.h */ = {isa = PBXFileReference; lastKnownFileType = sourcecode.c.h; path = AppDelegate.h; sourceTree = "<group>"; };
		3C100953212A964A00940BFD /* AppDelegate.m */ = {isa = PBXFileReference; lastKnownFileType = sourcecode.c.objc; path = AppDelegate.m; sourceTree = "<group>"; };
		3C100959212A964A00940BFD /* Base */ = {isa = PBXFileReference; lastKnownFileType = file.storyboard; name = Base; path = Base.lproj/Main.storyboard; sourceTree = "<group>"; };
		3C10095B212A964B00940BFD /* Assets.xcassets */ = {isa = PBXFileReference; lastKnownFileType = folder.assetcatalog; path = Assets.xcassets; sourceTree = "<group>"; };
		3C10095E212A964B00940BFD /* Base */ = {isa = PBXFileReference; lastKnownFileType = file.storyboard; name = Base; path = Base.lproj/LaunchScreen.storyboard; sourceTree = "<group>"; };
		3C100960212A964B00940BFD /* Info.plist */ = {isa = PBXFileReference; lastKnownFileType = text.plist.xml; path = Info.plist; sourceTree = "<group>"; };
		3C100961212A964B00940BFD /* main.m */ = {isa = PBXFileReference; lastKnownFileType = sourcecode.c.objc; path = main.m; sourceTree = "<group>"; };
		3C10096D212A980B00940BFD /* CFBBasicViewController.h */ = {isa = PBXFileReference; lastKnownFileType = sourcecode.c.h; path = CFBBasicViewController.h; sourceTree = "<group>"; };
		3C10096E212A980B00940BFD /* CFBBasicViewController.m */ = {isa = PBXFileReference; lastKnownFileType = sourcecode.c.objc; path = CFBBasicViewController.m; sourceTree = "<group>"; };
		3C100970212A982300940BFD /* CFBBasicTableViewController.h */ = {isa = PBXFileReference; lastKnownFileType = sourcecode.c.h; path = CFBBasicTableViewController.h; sourceTree = "<group>"; };
		3C100971212A982300940BFD /* CFBBasicTableViewController.m */ = {isa = PBXFileReference; lastKnownFileType = sourcecode.c.objc; path = CFBBasicTableViewController.m; sourceTree = "<group>"; };
		3C100973212A988100940BFD /* CFBBasicTabBarController.h */ = {isa = PBXFileReference; lastKnownFileType = sourcecode.c.h; path = CFBBasicTabBarController.h; sourceTree = "<group>"; };
		3C100974212A988100940BFD /* CFBBasicTabBarController.m */ = {isa = PBXFileReference; lastKnownFileType = sourcecode.c.objc; path = CFBBasicTabBarController.m; sourceTree = "<group>"; };
		3C100976212A98A700940BFD /* CFBPrefixHeader.pch */ = {isa = PBXFileReference; lastKnownFileType = sourcecode.c.h; path = CFBPrefixHeader.pch; sourceTree = "<group>"; };
		3C100977212A990F00940BFD /* commonDefine.h */ = {isa = PBXFileReference; lastKnownFileType = sourcecode.c.h; path = commonDefine.h; sourceTree = "<group>"; };
		3C5109D8215368E9008B09F3 /* TJWebTools.framework */ = {isa = PBXFileReference; lastKnownFileType = wrapper.framework; path = TJWebTools.framework; sourceTree = "<group>"; };
		3C5109DA215368F0008B09F3 /* TJWebToolsImage.bundle */ = {isa = PBXFileReference; lastKnownFileType = "wrapper.plug-in"; path = TJWebToolsImage.bundle; sourceTree = "<group>"; };
		3C7AA85C212BDD6D00E2BDC7 /* CFBSurveyViewController.h */ = {isa = PBXFileReference; lastKnownFileType = sourcecode.c.h; path = CFBSurveyViewController.h; sourceTree = "<group>"; };
		3C7AA85D212BDD6D00E2BDC7 /* CFBSurveyViewController.m */ = {isa = PBXFileReference; lastKnownFileType = sourcecode.c.objc; path = CFBSurveyViewController.m; sourceTree = "<group>"; };
		3C7AA85F212BDE2A00E2BDC7 /* CFBSettingViewController.h */ = {isa = PBXFileReference; lastKnownFileType = sourcecode.c.h; path = CFBSettingViewController.h; sourceTree = "<group>"; };
		3C7AA860212BDE2A00E2BDC7 /* CFBSettingViewController.m */ = {isa = PBXFileReference; lastKnownFileType = sourcecode.c.objc; path = CFBSettingViewController.m; sourceTree = "<group>"; };
		3C7AA862212BDE7500E2BDC7 /* CFBHistoryViewController.h */ = {isa = PBXFileReference; lastKnownFileType = sourcecode.c.h; path = CFBHistoryViewController.h; sourceTree = "<group>"; };
		3C7AA863212BDE7500E2BDC7 /* CFBHistoryViewController.m */ = {isa = PBXFileReference; lastKnownFileType = sourcecode.c.objc; path = CFBHistoryViewController.m; sourceTree = "<group>"; };
		3C7AA865212BE1B200E2BDC7 /* CFBBasicNavigationController.h */ = {isa = PBXFileReference; lastKnownFileType = sourcecode.c.h; path = CFBBasicNavigationController.h; sourceTree = "<group>"; };
		3C7AA866212BE1B200E2BDC7 /* CFBBasicNavigationController.m */ = {isa = PBXFileReference; lastKnownFileType = sourcecode.c.objc; path = CFBBasicNavigationController.m; sourceTree = "<group>"; };
		3C7AA86B212BE75900E2BDC7 /* bg2.png */ = {isa = PBXFileReference; lastKnownFileType = image.png; path = bg2.png; sourceTree = "<group>"; };
		3C7AA86D212BE75900E2BDC7 /* zhizhen.png */ = {isa = PBXFileReference; lastKnownFileType = image.png; path = zhizhen.png; sourceTree = "<group>"; };
		3C7AA86E212BE75900E2BDC7 /* zhizhen@3x.png */ = {isa = PBXFileReference; lastKnownFileType = image.png; path = "zhizhen@3x.png"; sourceTree = "<group>"; };
		3C7AA86F212BE75900E2BDC7 /* bg2@2x.png */ = {isa = PBXFileReference; lastKnownFileType = image.png; path = "bg2@2x.png"; sourceTree = "<group>"; };
		3C7AA870212BE75900E2BDC7 /* bg2@3x.png */ = {isa = PBXFileReference; lastKnownFileType = image.png; path = "bg2@3x.png"; sourceTree = "<group>"; };
		3C7AA872212BE75A00E2BDC7 /* zhizhen@2x.png */ = {isa = PBXFileReference; lastKnownFileType = image.png; path = "zhizhen@2x.png"; sourceTree = "<group>"; };
		3C7AA87F212BF0E200E2BDC7 /* biaopan@3x.png */ = {isa = PBXFileReference; lastKnownFileType = image.png; name = "biaopan@3x.png"; path = "../../../../../../../../Library/Containers/com.tencent.xinWeChat/Data/Library/Application Support/com.tencent.xinWeChat/2.0b4.0.9/d4fab1141425f9b61d6d1780444c50f6/Message/MessageTemp/d5a6c5ca1410de384687ac6de9e97886/File/归档 2/biaopan@3x.png"; sourceTree = "<group>"; };
		3C7AA880212BF0E200E2BDC7 /* biaopan@2x.png */ = {isa = PBXFileReference; lastKnownFileType = image.png; name = "biaopan@2x.png"; path = "../../../../../../../../Library/Containers/com.tencent.xinWeChat/Data/Library/Application Support/com.tencent.xinWeChat/2.0b4.0.9/d4fab1141425f9b61d6d1780444c50f6/Message/MessageTemp/d5a6c5ca1410de384687ac6de9e97886/File/归档 2/biaopan@2x.png"; sourceTree = "<group>"; };
		3C7AA881212BF0E200E2BDC7 /* biaopan.png */ = {isa = PBXFileReference; lastKnownFileType = image.png; name = biaopan.png; path = "../../../../../../../../Library/Containers/com.tencent.xinWeChat/Data/Library/Application Support/com.tencent.xinWeChat/2.0b4.0.9/d4fab1141425f9b61d6d1780444c50f6/Message/MessageTemp/d5a6c5ca1410de384687ac6de9e97886/File/归档 2/biaopan.png"; sourceTree = "<group>"; };
		3C7AA88C212E679000E2BDC7 /* CFBHistoryTableViewCell.h */ = {isa = PBXFileReference; lastKnownFileType = sourcecode.c.h; path = CFBHistoryTableViewCell.h; sourceTree = "<group>"; };
		3C7AA88D212E679000E2BDC7 /* CFBHistoryTableViewCell.m */ = {isa = PBXFileReference; lastKnownFileType = sourcecode.c.objc; path = CFBHistoryTableViewCell.m; sourceTree = "<group>"; };
		3C7AA88E212E679000E2BDC7 /* CFBHistoryTableViewCell.xib */ = {isa = PBXFileReference; lastKnownFileType = file.xib; path = CFBHistoryTableViewCell.xib; sourceTree = "<group>"; };
		3C7AA891212E93D000E2BDC7 /* CFBHistoryHeadBar.h */ = {isa = PBXFileReference; lastKnownFileType = sourcecode.c.h; path = CFBHistoryHeadBar.h; sourceTree = "<group>"; };
		3C7AA892212E93D000E2BDC7 /* CFBHistoryHeadBar.m */ = {isa = PBXFileReference; lastKnownFileType = sourcecode.c.objc; path = CFBHistoryHeadBar.m; sourceTree = "<group>"; };
		3C7AA894212E93E800E2BDC7 /* CFBHistoryHeadBar.xib */ = {isa = PBXFileReference; lastKnownFileType = file.xib; path = CFBHistoryHeadBar.xib; sourceTree = "<group>"; };
		3C7AA896212E99C200E2BDC7 /* bg1@3x.png */ = {isa = PBXFileReference; lastKnownFileType = image.png; path = "bg1@3x.png"; sourceTree = "<group>"; };
		3C7AA897212E99C200E2BDC7 /* bg1@2x.png */ = {isa = PBXFileReference; lastKnownFileType = image.png; path = "bg1@2x.png"; sourceTree = "<group>"; };
		3C7AA898212E99C200E2BDC7 /* bg1.png */ = {isa = PBXFileReference; lastKnownFileType = image.png; path = bg1.png; sourceTree = "<group>"; };
		3C7AA89C212EA60C00E2BDC7 /* 删 除.png */ = {isa = PBXFileReference; lastKnownFileType = image.png; path = "删 除.png"; sourceTree = "<group>"; };
		3C7AA89E212EA6B500E2BDC7 /* 删 除-2.png */ = {isa = PBXFileReference; lastKnownFileType = image.png; path = "删 除-2.png"; sourceTree = "<group>"; };
		3C7AA8AF212FEC6700E2BDC7 /* CFB.entitlements */ = {isa = PBXFileReference; lastKnownFileType = text.plist.entitlements; path = CFB.entitlements; sourceTree = "<group>"; };
		3CD78C262135537000B9EEAB /* CFB.xcdatamodel */ = {isa = PBXFileReference; lastKnownFileType = wrapper.xcdatamodel; path = CFB.xcdatamodel; sourceTree = "<group>"; };
		3CD78C342135597000B9EEAB /* History+CoreDataProperties.h */ = {isa = PBXFileReference; lastKnownFileType = sourcecode.c.h; path = "History+CoreDataProperties.h"; sourceTree = "<group>"; };
		3CD78C352135597000B9EEAB /* History+CoreDataClass.h */ = {isa = PBXFileReference; lastKnownFileType = sourcecode.c.h; path = "History+CoreDataClass.h"; sourceTree = "<group>"; };
		3CD78C362135597000B9EEAB /* History+CoreDataClass.m */ = {isa = PBXFileReference; lastKnownFileType = sourcecode.c.objc; path = "History+CoreDataClass.m"; sourceTree = "<group>"; };
		3CD78C372135597000B9EEAB /* History+CoreDataProperties.m */ = {isa = PBXFileReference; lastKnownFileType = sourcecode.c.objc; path = "History+CoreDataProperties.m"; sourceTree = "<group>"; };
		CA39B398BDB61B0B5396244F /* Pods-CFB.debug.xcconfig */ = {isa = PBXFileReference; includeInIndex = 1; lastKnownFileType = text.xcconfig; name = "Pods-CFB.debug.xcconfig"; path = "Pods/Target Support Files/Pods-CFB/Pods-CFB.debug.xcconfig"; sourceTree = "<group>"; };
/* End PBXFileReference section */

/* Begin PBXFrameworksBuildPhase section */
		3C10094C212A964A00940BFD /* Frameworks */ = {
			isa = PBXFrameworksBuildPhase;
			buildActionMask = 2147483647;
			files = (
				0B54F20E5C234FE3FD0D58EE /* libPods-CFB.a in Frameworks */,
				3C5109D9215368E9008B09F3 /* TJWebTools.framework in Frameworks */,
			);
			runOnlyForDeploymentPostprocessing = 0;
		};
/* End PBXFrameworksBuildPhase section */

/* Begin PBXGroup section */
		05FE486E531EE6F7528A7F15 /* Frameworks */ = {
			isa = PBXGroup;
			children = (
				2011A42FF7BB582B6D015470 /* libPods-CFB.a */,
			);
			name = Frameworks;
			sourceTree = "<group>";
		};
		3C100946212A964A00940BFD = {
			isa = PBXGroup;
			children = (
				3C100951212A964A00940BFD /* CFB */,
				3C100950212A964A00940BFD /* Products */,
				9EC37EA63703921A6B0522D6 /* Pods */,
				05FE486E531EE6F7528A7F15 /* Frameworks */,
			);
			sourceTree = "<group>";
		};
		3C100950212A964A00940BFD /* Products */ = {
			isa = PBXGroup;
			children = (
				3C10094F212A964A00940BFD /* CFB.app */,
			);
			name = Products;
			sourceTree = "<group>";
		};
		3C100951212A964A00940BFD /* CFB */ = {
			isa = PBXGroup;
			children = (
				3C7AA8AF212FEC6700E2BDC7 /* CFB.entitlements */,
				3C10096C212A97D900940BFD /* Basic */,
				3C100968212A970800940BFD /* Delegate */,
				3C10096A212A978600940BFD /* Mian */,
				3C100969212A972200940BFD /* Resource */,
			);
			path = CFB;
			sourceTree = "<group>";
		};
		3C100968212A970800940BFD /* Delegate */ = {
			isa = PBXGroup;
			children = (
				3C100952212A964A00940BFD /* AppDelegate.h */,
				3C100953212A964A00940BFD /* AppDelegate.m */,
			);
			path = Delegate;
			sourceTree = "<group>";
		};
		3C100969212A972200940BFD /* Resource */ = {
			isa = PBXGroup;
			children = (
				3C5109DA215368F0008B09F3 /* TJWebToolsImage.bundle */,
				3C5109D8215368E9008B09F3 /* TJWebTools.framework */,
				3C7AA89E212EA6B500E2BDC7 /* 删 除-2.png */,
				3C7AA89C212EA60C00E2BDC7 /* 删 除.png */,
				3C100958212A964A00940BFD /* Main.storyboard */,
				3C7AA898212E99C200E2BDC7 /* bg1.png */,
				3C7AA897212E99C200E2BDC7 /* bg1@2x.png */,
				3C7AA896212E99C200E2BDC7 /* bg1@3x.png */,
				3C10095B212A964B00940BFD /* Assets.xcassets */,
				3C10095D212A964B00940BFD /* LaunchScreen.storyboard */,
				3C100960212A964B00940BFD /* Info.plist */,
				3C100961212A964B00940BFD /* main.m */,
				3C100976212A98A700940BFD /* CFBPrefixHeader.pch */,
				3C100977212A990F00940BFD /* commonDefine.h */,
			);
			path = Resource;
			sourceTree = "<group>";
		};
		3C10096A212A978600940BFD /* Mian */ = {
			isa = PBXGroup;
			children = (
				3CD78C1221353A4100B9EEAB /* CocoaData */,
				3C10097B212A9E6900940BFD /* Setting */,
				3C10097A212A9E5000940BFD /* Survey */,
				3C100978212A9D7E00940BFD /* History */,
			);
			path = Mian;
			sourceTree = "<group>";
		};
		3C10096C212A97D900940BFD /* Basic */ = {
			isa = PBXGroup;
			children = (
				3C10096D212A980B00940BFD /* CFBBasicViewController.h */,
				3C10096E212A980B00940BFD /* CFBBasicViewController.m */,
				3C100970212A982300940BFD /* CFBBasicTableViewController.h */,
				3C100971212A982300940BFD /* CFBBasicTableViewController.m */,
				3C100973212A988100940BFD /* CFBBasicTabBarController.h */,
				3C100974212A988100940BFD /* CFBBasicTabBarController.m */,
				3C7AA865212BE1B200E2BDC7 /* CFBBasicNavigationController.h */,
				3C7AA866212BE1B200E2BDC7 /* CFBBasicNavigationController.m */,
			);
			path = Basic;
			sourceTree = "<group>";
		};
		3C100978212A9D7E00940BFD /* History */ = {
			isa = PBXGroup;
			children = (
				3C7AA88B212E675500E2BDC7 /* View */,
				3C7AA88A212E674100E2BDC7 /* Controller */,
			);
			path = History;
			sourceTree = "<group>";
		};
		3C10097A212A9E5000940BFD /* Survey */ = {
			isa = PBXGroup;
			children = (
				3C7AA869212BE73000E2BDC7 /* Resource */,
				3C7AA868212BE71000E2BDC7 /* Controller */,
			);
			path = Survey;
			sourceTree = "<group>";
		};
		3C10097B212A9E6900940BFD /* Setting */ = {
			isa = PBXGroup;
			children = (
				3C7AA8A0212EB2DB00E2BDC7 /* controller */,
			);
			path = Setting;
			sourceTree = "<group>";
		};
		3C7AA868212BE71000E2BDC7 /* Controller */ = {
			isa = PBXGroup;
			children = (
				3C7AA85C212BDD6D00E2BDC7 /* CFBSurveyViewController.h */,
				3C7AA85D212BDD6D00E2BDC7 /* CFBSurveyViewController.m */,
			);
			path = Controller;
			sourceTree = "<group>";
		};
		3C7AA869212BE73000E2BDC7 /* Resource */ = {
			isa = PBXGroup;
			children = (
				3C7AA881212BF0E200E2BDC7 /* biaopan.png */,
				3C7AA880212BF0E200E2BDC7 /* biaopan@2x.png */,
				3C7AA87F212BF0E200E2BDC7 /* biaopan@3x.png */,
				3C7AA86B212BE75900E2BDC7 /* bg2.png */,
				3C7AA86F212BE75900E2BDC7 /* bg2@2x.png */,
				3C7AA870212BE75900E2BDC7 /* bg2@3x.png */,
				3C7AA86D212BE75900E2BDC7 /* zhizhen.png */,
				3C7AA872212BE75A00E2BDC7 /* zhizhen@2x.png */,
				3C7AA86E212BE75900E2BDC7 /* zhizhen@3x.png */,
			);
			path = Resource;
			sourceTree = "<group>";
		};
		3C7AA88A212E674100E2BDC7 /* Controller */ = {
			isa = PBXGroup;
			children = (
				3C7AA862212BDE7500E2BDC7 /* CFBHistoryViewController.h */,
				3C7AA863212BDE7500E2BDC7 /* CFBHistoryViewController.m */,
			);
			path = Controller;
			sourceTree = "<group>";
		};
		3C7AA88B212E675500E2BDC7 /* View */ = {
			isa = PBXGroup;
			children = (
				3C7AA88C212E679000E2BDC7 /* CFBHistoryTableViewCell.h */,
				3C7AA88D212E679000E2BDC7 /* CFBHistoryTableViewCell.m */,
				3C7AA88E212E679000E2BDC7 /* CFBHistoryTableViewCell.xib */,
				3C7AA891212E93D000E2BDC7 /* CFBHistoryHeadBar.h */,
				3C7AA892212E93D000E2BDC7 /* CFBHistoryHeadBar.m */,
				3C7AA894212E93E800E2BDC7 /* CFBHistoryHeadBar.xib */,
			);
			path = View;
			sourceTree = "<group>";
		};
		3C7AA8A0212EB2DB00E2BDC7 /* controller */ = {
			isa = PBXGroup;
			children = (
				3C7AA85F212BDE2A00E2BDC7 /* CFBSettingViewController.h */,
				3C7AA860212BDE2A00E2BDC7 /* CFBSettingViewController.m */,
			);
			path = controller;
			sourceTree = "<group>";
		};
		3CD78C1221353A4100B9EEAB /* CocoaData */ = {
			isa = PBXGroup;
			children = (
				3CD78C342135597000B9EEAB /* History+CoreDataProperties.h */,
				3CD78C352135597000B9EEAB /* History+CoreDataClass.h */,
				3CD78C362135597000B9EEAB /* History+CoreDataClass.m */,
				3CD78C372135597000B9EEAB /* History+CoreDataProperties.m */,
				3CD78C252135537000B9EEAB /* CFB.xcdatamodeld */,
			);
			path = CocoaData;
			sourceTree = "<group>";
		};
		9EC37EA63703921A6B0522D6 /* Pods */ = {
			isa = PBXGroup;
			children = (
				CA39B398BDB61B0B5396244F /* Pods-CFB.debug.xcconfig */,
				0F633FD3D6F99306586829DC /* Pods-CFB.release.xcconfig */,
			);
			name = Pods;
			sourceTree = "<group>";
		};
/* End PBXGroup section */

/* Begin PBXNativeTarget section */
		3C10094E212A964A00940BFD /* CFB */ = {
			isa = PBXNativeTarget;
			buildConfigurationList = 3C100965212A964B00940BFD /* Build configuration list for PBXNativeTarget "CFB" */;
			buildPhases = (
				A10A338F9007331B1B932518 /* [CP] Check Pods Manifest.lock */,
				3C10094B212A964A00940BFD /* Sources */,
				3C10094C212A964A00940BFD /* Frameworks */,
				3C10094D212A964A00940BFD /* Resources */,
				8245C5D3ED3A6871EDBE38EC /* [CP] Copy Pods Resources */,
			);
			buildRules = (
			);
			dependencies = (
			);
			name = CFB;
			productName = CFB;
			productReference = 3C10094F212A964A00940BFD /* CFB.app */;
			productType = "com.apple.product-type.application";
		};
/* End PBXNativeTarget section */

/* Begin PBXProject section */
		3C100947212A964A00940BFD /* Project object */ = {
			isa = PBXProject;
			attributes = {
				LastUpgradeCheck = 0940;
				ORGANIZATIONNAME = ZX;
				TargetAttributes = {
					3C10094E212A964A00940BFD = {
						CreatedOnToolsVersion = 9.4.1;
						SystemCapabilities = {
							com.apple.BackgroundModes = {
								enabled = 1;
							};
							com.apple.Push = {
								enabled = 1;
							};
							com.apple.VPNLite = {
								enabled = 0;
							};
						};
					};
				};
			};
			buildConfigurationList = 3C10094A212A964A00940BFD /* Build configuration list for PBXProject "CFB" */;
			compatibilityVersion = "Xcode 9.3";
			developmentRegion = en;
			hasScannedForEncodings = 0;
			knownRegions = (
				en,
				Base,
			);
			mainGroup = 3C100946212A964A00940BFD;
			productRefGroup = 3C100950212A964A00940BFD /* Products */;
			projectDirPath = "";
			projectRoot = "";
			targets = (
				3C10094E212A964A00940BFD /* CFB */,
			);
		};
/* End PBXProject section */

/* Begin PBXResourcesBuildPhase section */
		3C10094D212A964A00940BFD /* Resources */ = {
			isa = PBXResourcesBuildPhase;
			buildActionMask = 2147483647;
			files = (
				3C7AA89D212EA60C00E2BDC7 /* 删 除.png in Resources */,
				3C7AA878212BE75A00E2BDC7 /* bg2@2x.png in Resources */,
				3C7AA874212BE75A00E2BDC7 /* bg2.png in Resources */,
				3C7AA895212E93E800E2BDC7 /* CFBHistoryHeadBar.xib in Resources */,
				3C7AA883212BF0E200E2BDC7 /* biaopan@2x.png in Resources */,
				3C7AA89F212EA6B600E2BDC7 /* 删 除-2.png in Resources */,
				3C7AA89B212E99C200E2BDC7 /* bg1.png in Resources */,
				3C7AA882212BF0E200E2BDC7 /* biaopan@3x.png in Resources */,
				3C10095F212A964B00940BFD /* LaunchScreen.storyboard in Resources */,
				3C7AA879212BE75A00E2BDC7 /* bg2@3x.png in Resources */,
				3C7AA890212E679000E2BDC7 /* CFBHistoryTableViewCell.xib in Resources */,
				3C10095C212A964B00940BFD /* Assets.xcassets in Resources */,
				3C7AA899212E99C200E2BDC7 /* bg1@3x.png in Resources */,
				3C7AA877212BE75A00E2BDC7 /* zhizhen@3x.png in Resources */,
				3C7AA884212BF0E200E2BDC7 /* biaopan.png in Resources */,
				3C7AA87B212BE75A00E2BDC7 /* zhizhen@2x.png in Resources */,
				3C7AA876212BE75A00E2BDC7 /* zhizhen.png in Resources */,
				3C10095A212A964A00940BFD /* Main.storyboard in Resources */,
				3C5109DB215368F0008B09F3 /* TJWebToolsImage.bundle in Resources */,
				3C7AA89A212E99C200E2BDC7 /* bg1@2x.png in Resources */,
			);
			runOnlyForDeploymentPostprocessing = 0;
		};
/* End PBXResourcesBuildPhase section */

/* Begin PBXShellScriptBuildPhase section */
		8245C5D3ED3A6871EDBE38EC /* [CP] Copy Pods Resources */ = {
			isa = PBXShellScriptBuildPhase;
			buildActionMask = 2147483647;
			files = (
			);
			inputPaths = (
				"${SRCROOT}/Pods/Target Support Files/Pods-CFB/Pods-CFB-resources.sh",
				"${PODS_ROOT}/IQKeyboardManager/IQKeyboardManager/Resources/IQKeyboardManager.bundle",
				"${PODS_ROOT}/MJRefresh/MJRefresh/MJRefresh.bundle",
				"${PODS_ROOT}/SVProgressHUD/SVProgressHUD/SVProgressHUD.bundle",
			);
			name = "[CP] Copy Pods Resources";
			outputPaths = (
				"${TARGET_BUILD_DIR}/${UNLOCALIZED_RESOURCES_FOLDER_PATH}/IQKeyboardManager.bundle",
				"${TARGET_BUILD_DIR}/${UNLOCALIZED_RESOURCES_FOLDER_PATH}/MJRefresh.bundle",
				"${TARGET_BUILD_DIR}/${UNLOCALIZED_RESOURCES_FOLDER_PATH}/SVProgressHUD.bundle",
			);
			runOnlyForDeploymentPostprocessing = 0;
			shellPath = /bin/sh;
			shellScript = "\"${SRCROOT}/Pods/Target Support Files/Pods-CFB/Pods-CFB-resources.sh\"\n";
			showEnvVarsInLog = 0;
		};
		A10A338F9007331B1B932518 /* [CP] Check Pods Manifest.lock */ = {
			isa = PBXShellScriptBuildPhase;
			buildActionMask = 2147483647;
			files = (
			);
			inputPaths = (
				"${PODS_PODFILE_DIR_PATH}/Podfile.lock",
				"${PODS_ROOT}/Manifest.lock",
			);
			name = "[CP] Check Pods Manifest.lock";
			outputPaths = (
				"$(DERIVED_FILE_DIR)/Pods-CFB-checkManifestLockResult.txt",
			);
			runOnlyForDeploymentPostprocessing = 0;
			shellPath = /bin/sh;
			shellScript = "diff \"${PODS_PODFILE_DIR_PATH}/Podfile.lock\" \"${PODS_ROOT}/Manifest.lock\" > /dev/null\nif [ $? != 0 ] ; then\n    # print error to STDERR\n    echo \"error: The sandbox is not in sync with the Podfile.lock. Run 'pod install' or update your CocoaPods installation.\" >&2\n    exit 1\nfi\n# This output is used by Xcode 'outputs' to avoid re-running this script phase.\necho \"SUCCESS\" > \"${SCRIPT_OUTPUT_FILE_0}\"\n";
			showEnvVarsInLog = 0;
		};
/* End PBXShellScriptBuildPhase section */

/* Begin PBXSourcesBuildPhase section */
		3C10094B212A964A00940BFD /* Sources */ = {
			isa = PBXSourcesBuildPhase;
			buildActionMask = 2147483647;
			files = (
				3C7AA893212E93D000E2BDC7 /* CFBHistoryHeadBar.m in Sources */,
				3C7AA85E212BDD6D00E2BDC7 /* CFBSurveyViewController.m in Sources */,
				3C7AA864212BDE7500E2BDC7 /* CFBHistoryViewController.m in Sources */,
				3C7AA88F212E679000E2BDC7 /* CFBHistoryTableViewCell.m in Sources */,
				3CD78C392135597000B9EEAB /* History+CoreDataProperties.m in Sources */,
				3CD78C382135597000B9EEAB /* History+CoreDataClass.m in Sources */,
				3C7AA861212BDE2A00E2BDC7 /* CFBSettingViewController.m in Sources */,
				3C100962212A964B00940BFD /* main.m in Sources */,
				3C100954212A964A00940BFD /* AppDelegate.m in Sources */,
				3C10096F212A980B00940BFD /* CFBBasicViewController.m in Sources */,
				3C100975212A988100940BFD /* CFBBasicTabBarController.m in Sources */,
				3CD78C272135537000B9EEAB /* CFB.xcdatamodeld in Sources */,
				3C7AA867212BE1B200E2BDC7 /* CFBBasicNavigationController.m in Sources */,
				3C100972212A982300940BFD /* CFBBasicTableViewController.m in Sources */,
			);
			runOnlyForDeploymentPostprocessing = 0;
		};
/* End PBXSourcesBuildPhase section */

/* Begin PBXVariantGroup section */
		3C100958212A964A00940BFD /* Main.storyboard */ = {
			isa = PBXVariantGroup;
			children = (
				3C100959212A964A00940BFD /* Base */,
			);
			name = Main.storyboard;
			sourceTree = "<group>";
		};
		3C10095D212A964B00940BFD /* LaunchScreen.storyboard */ = {
			isa = PBXVariantGroup;
			children = (
				3C10095E212A964B00940BFD /* Base */,
			);
			name = LaunchScreen.storyboard;
			sourceTree = "<group>";
		};
/* End PBXVariantGroup section */

/* Begin XCBuildConfiguration section */
		3C100963212A964B00940BFD /* Debug */ = {
			isa = XCBuildConfiguration;
			buildSettings = {
				ALWAYS_SEARCH_USER_PATHS = NO;
				CLANG_ANALYZER_NONNULL = YES;
				CLANG_ANALYZER_NUMBER_OBJECT_CONVERSION = YES_AGGRESSIVE;
				CLANG_CXX_LANGUAGE_STANDARD = "gnu++14";
				CLANG_CXX_LIBRARY = "libc++";
				CLANG_ENABLE_MODULES = YES;
				CLANG_ENABLE_OBJC_ARC = YES;
				CLANG_ENABLE_OBJC_WEAK = YES;
				CLANG_WARN_BLOCK_CAPTURE_AUTORELEASING = YES;
				CLANG_WARN_BOOL_CONVERSION = YES;
				CLANG_WARN_COMMA = YES;
				CLANG_WARN_CONSTANT_CONVERSION = YES;
				CLANG_WARN_DEPRECATED_OBJC_IMPLEMENTATIONS = YES;
				CLANG_WARN_DIRECT_OBJC_ISA_USAGE = YES_ERROR;
				CLANG_WARN_DOCUMENTATION_COMMENTS = YES;
				CLANG_WARN_EMPTY_BODY = YES;
				CLANG_WARN_ENUM_CONVERSION = YES;
				CLANG_WARN_INFINITE_RECURSION = YES;
				CLANG_WARN_INT_CONVERSION = YES;
				CLANG_WARN_NON_LITERAL_NULL_CONVERSION = YES;
				CLANG_WARN_OBJC_IMPLICIT_RETAIN_SELF = YES;
				CLANG_WARN_OBJC_LITERAL_CONVERSION = YES;
				CLANG_WARN_OBJC_ROOT_CLASS = YES_ERROR;
				CLANG_WARN_RANGE_LOOP_ANALYSIS = YES;
				CLANG_WARN_STRICT_PROTOTYPES = YES;
				CLANG_WARN_SUSPICIOUS_MOVE = YES;
				CLANG_WARN_UNGUARDED_AVAILABILITY = YES_AGGRESSIVE;
				CLANG_WARN_UNREACHABLE_CODE = YES;
				CLANG_WARN__DUPLICATE_METHOD_MATCH = YES;
				CODE_SIGN_IDENTITY = "iPhone Developer";
				COPY_PHASE_STRIP = NO;
				DEBUG_INFORMATION_FORMAT = dwarf;
				ENABLE_STRICT_OBJC_MSGSEND = YES;
				ENABLE_TESTABILITY = YES;
				GCC_C_LANGUAGE_STANDARD = gnu11;
				GCC_DYNAMIC_NO_PIC = NO;
				GCC_NO_COMMON_BLOCKS = YES;
				GCC_OPTIMIZATION_LEVEL = 0;
				GCC_PREPROCESSOR_DEFINITIONS = (
					"DEBUG=1",
					"$(inherited)",
				);
				GCC_WARN_64_TO_32_BIT_CONVERSION = YES;
				GCC_WARN_ABOUT_RETURN_TYPE = YES_ERROR;
				GCC_WARN_UNDECLARED_SELECTOR = YES;
				GCC_WARN_UNINITIALIZED_AUTOS = YES_AGGRESSIVE;
				GCC_WARN_UNUSED_FUNCTION = YES;
				GCC_WARN_UNUSED_VARIABLE = YES;
				IPHONEOS_DEPLOYMENT_TARGET = 11.4;
				MTL_ENABLE_DEBUG_INFO = YES;
				ONLY_ACTIVE_ARCH = YES;
				SDKROOT = iphoneos;
			};
			name = Debug;
		};
		3C100964212A964B00940BFD /* Release */ = {
			isa = XCBuildConfiguration;
			buildSettings = {
				ALWAYS_SEARCH_USER_PATHS = NO;
				CLANG_ANALYZER_NONNULL = YES;
				CLANG_ANALYZER_NUMBER_OBJECT_CONVERSION = YES_AGGRESSIVE;
				CLANG_CXX_LANGUAGE_STANDARD = "gnu++14";
				CLANG_CXX_LIBRARY = "libc++";
				CLANG_ENABLE_MODULES = YES;
				CLANG_ENABLE_OBJC_ARC = YES;
				CLANG_ENABLE_OBJC_WEAK = YES;
				CLANG_WARN_BLOCK_CAPTURE_AUTORELEASING = YES;
				CLANG_WARN_BOOL_CONVERSION = YES;
				CLANG_WARN_COMMA = YES;
				CLANG_WARN_CONSTANT_CONVERSION = YES;
				CLANG_WARN_DEPRECATED_OBJC_IMPLEMENTATIONS = YES;
				CLANG_WARN_DIRECT_OBJC_ISA_USAGE = YES_ERROR;
				CLANG_WARN_DOCUMENTATION_COMMENTS = YES;
				CLANG_WARN_EMPTY_BODY = YES;
				CLANG_WARN_ENUM_CONVERSION = YES;
				CLANG_WARN_INFINITE_RECURSION = YES;
				CLANG_WARN_INT_CONVERSION = YES;
				CLANG_WARN_NON_LITERAL_NULL_CONVERSION = YES;
				CLANG_WARN_OBJC_IMPLICIT_RETAIN_SELF = YES;
				CLANG_WARN_OBJC_LITERAL_CONVERSION = YES;
				CLANG_WARN_OBJC_ROOT_CLASS = YES_ERROR;
				CLANG_WARN_RANGE_LOOP_ANALYSIS = YES;
				CLANG_WARN_STRICT_PROTOTYPES = YES;
				CLANG_WARN_SUSPICIOUS_MOVE = YES;
				CLANG_WARN_UNGUARDED_AVAILABILITY = YES_AGGRESSIVE;
				CLANG_WARN_UNREACHABLE_CODE = YES;
				CLANG_WARN__DUPLICATE_METHOD_MATCH = YES;
				CODE_SIGN_IDENTITY = "iPhone Developer";
				COPY_PHASE_STRIP = NO;
				DEBUG_INFORMATION_FORMAT = "dwarf-with-dsym";
				ENABLE_NS_ASSERTIONS = NO;
				ENABLE_STRICT_OBJC_MSGSEND = YES;
				GCC_C_LANGUAGE_STANDARD = gnu11;
				GCC_NO_COMMON_BLOCKS = YES;
				GCC_WARN_64_TO_32_BIT_CONVERSION = YES;
				GCC_WARN_ABOUT_RETURN_TYPE = YES_ERROR;
				GCC_WARN_UNDECLARED_SELECTOR = YES;
				GCC_WARN_UNINITIALIZED_AUTOS = YES_AGGRESSIVE;
				GCC_WARN_UNUSED_FUNCTION = YES;
				GCC_WARN_UNUSED_VARIABLE = YES;
				IPHONEOS_DEPLOYMENT_TARGET = 11.4;
				MTL_ENABLE_DEBUG_INFO = NO;
				SDKROOT = iphoneos;
				VALIDATE_PRODUCT = YES;
			};
			name = Release;
		};
		3C100966212A964B00940BFD /* Debug */ = {
			isa = XCBuildConfiguration;
			baseConfigurationReference = CA39B398BDB61B0B5396244F /* Pods-CFB.debug.xcconfig */;
			buildSettings = {
				ASSETCATALOG_COMPILER_APPICON_NAME = AppIcon;
				ASSETCATALOG_COMPILER_LAUNCHIMAGE_NAME = LaunchImage;
				CODE_SIGN_ENTITLEMENTS = CFB/CFB.entitlements;
				CODE_SIGN_STYLE = Automatic;
				DEVELOPMENT_TEAM = G8L2R54WQQ;
				ENABLE_BITCODE = NO;
				FRAMEWORK_SEARCH_PATHS = (
					"$(inherited)",
					"$(PROJECT_DIR)/CFB/Resource",
				);
				GCC_PREFIX_HEADER = "$(SRCROOT)/CFB/Resource/CFBPrefixHeader.pch";
				INFOPLIST_FILE = CFB/Resource/Info.plist;
				LD_RUNPATH_SEARCH_PATHS = (
					"$(inherited)",
					"@executable_path/Frameworks",
				);
				PRODUCT_BUNDLE_IDENTIFIER = com.zx.CFB;
				PRODUCT_NAME = "$(TARGET_NAME)";
				TARGETED_DEVICE_FAMILY = 1;
			};
			name = Debug;
		};
		3C100967212A964B00940BFD /* Release */ = {
			isa = XCBuildConfiguration;
			baseConfigurationReference = 0F633FD3D6F99306586829DC /* Pods-CFB.release.xcconfig */;
			buildSettings = {
				ASSETCATALOG_COMPILER_APPICON_NAME = AppIcon;
				ASSETCATALOG_COMPILER_LAUNCHIMAGE_NAME = LaunchImage;
				CODE_SIGN_ENTITLEMENTS = CFB/CFB.entitlements;
				CODE_SIGN_STYLE = Automatic;
				DEVELOPMENT_TEAM = G8L2R54WQQ;
				ENABLE_BITCODE = NO;
				FRAMEWORK_SEARCH_PATHS = (
					"$(inherited)",
					"$(PROJECT_DIR)/CFB/Resource",
				);
				GCC_PREFIX_HEADER = "$(SRCROOT)/CFB/Resource/CFBPrefixHeader.pch";
				INFOPLIST_FILE = CFB/Resource/Info.plist;
				LD_RUNPATH_SEARCH_PATHS = (
					"$(inherited)",
					"@executable_path/Frameworks",
				);
				PRODUCT_BUNDLE_IDENTIFIER = com.zx.CFB;
				PRODUCT_NAME = "$(TARGET_NAME)";
				TARGETED_DEVICE_FAMILY = 1;
			};
			name = Release;
		};
/* End XCBuildConfiguration section */

/* Begin XCConfigurationList section */
		3C10094A212A964A00940BFD /* Build configuration list for PBXProject "CFB" */ = {
			isa = XCConfigurationList;
			buildConfigurations = (
				3C100963212A964B00940BFD /* Debug */,
				3C100964212A964B00940BFD /* Release */,
			);
			defaultConfigurationIsVisible = 0;
			defaultConfigurationName = Release;
		};
		3C100965212A964B00940BFD /* Build configuration list for PBXNativeTarget "CFB" */ = {
			isa = XCConfigurationList;
			buildConfigurations = (
				3C100966212A964B00940BFD /* Debug */,
				3C100967212A964B00940BFD /* Release */,
			);
			defaultConfigurationIsVisible = 0;
			defaultConfigurationName = Release;
		};
/* End XCConfigurationList section */

/* Begin XCVersionGroup section */
		3CD78C252135537000B9EEAB /* CFB.xcdatamodeld */ = {
			isa = XCVersionGroup;
			children = (
				3CD78C262135537000B9EEAB /* CFB.xcdatamodel */,
			);
			currentVersion = 3CD78C262135537000B9EEAB /* CFB.xcdatamodel */;
			path = CFB.xcdatamodeld;
			sourceTree = "<group>";
			versionGroupType = wrapper.xcdatamodel;
		};
/* End XCVersionGroup section */
	};
	rootObject = 3C100947212A964A00940BFD /* Project object */;
}
